
Microsoft Visual Studio Solution File, Format Version 12.00
# Visual Studio Version 16
VisualStudioVersion = 16.0.30717.126
MinimumVisualStudioVersion = 10.0.40219.1
Project("{FAE04EC0-301F-11D3-BF4B-00C04F79EFBC}") = "SignalRChat.Client", "SignalRChat.Client\SignalRChat.Client.csproj", "{9981B961-A6C2-4421-8F6F-2005F310A877}"
EndProject
Project("{FAE04EC0-301F-11D3-BF4B-00C04F79EFBC}") = "SignalRChat.Server", "SignalRChat.Server\SignalRChat.Server.csproj", "{EC92F880-25E9-454B-86AE-1DCDB4A53953}"
EndProject
Project("{9A19103F-16F7-4668-BE54-9A1E7A4F7556}") = "SignalRChat.Shared", "SignalRChat.Shared\SignalRChat.Shared.csproj", "{A3929CB3-4A10-46C2-BB34-916D06340004}"
EndProject
Global
	GlobalSection(SolutionConfigurationPlatforms) = preSolution
		Debug|Any CPU = Debug|Any CPU
		Release|Any CPU = Release|Any CPU
	EndGlobalSection
	GlobalSection(ProjectConfigurationPlatforms) = postSolution
		{9981B961-A6C2-4421-8F6F-2005F310A877}.Debug|Any CPU.ActiveCfg = Debug|Any CPU
		{9981B961-A6C2-4421-8F6F-2005F310A877}.Debug|Any CPU.Build.0 = Debug|Any CPU
		{9981B961-A6C2-4421-8F6F-2005F310A877}.Release|Any CPU.ActiveCfg = Release|Any CPU
		{9981B961-A6C2-4421-8F6F-2005F310A877}.Release|Any CPU.Build.0 = Release|Any CPU
		{EC92F880-25E9-454B-86AE-1DCDB4A53953}.Debug|Any CPU.ActiveCfg = Debug|Any CPU
		{EC92F880-25E9-454B-86AE-1DCDB4A53953}.Debug|Any CPU.Build.0 = Debug|Any CPU
		{EC92F880-25E9-454B-86AE-1DCDB4A53953}.Release|Any CPU.ActiveCfg = Release|Any CPU
		{EC92F880-25E9-454B-86AE-1DCDB4A53953}.Release|Any CPU.Build.0 = Release|Any CPU
		{A3929CB3-4A10-46C2-BB34-916D06340004}.Debug|Any CPU.ActiveCfg = Debug|Any CPU
		{A3929CB3-4A10-46C2-BB34-916D06340004}.Debug|Any CPU.Build.0 = Debug|Any CPU
		{A3929CB3-4A10-46C2-BB34-916D06340004}.Release|Any CPU.ActiveCfg = Release|Any CPU
		{A3929CB3-4A10-46C2-BB34-916D06340004}.Release|Any CPU.Build.0 = Release|Any CPU
	EndGlobalSection
	GlobalSection(SolutionProperties) = preSolution
		HideSolutionNode = FALSE
	EndGlobalSection
	GlobalSection(ExtensibilityGlobals) = postSolution
		SolutionGuid = {E68E0AC1-44D9-486A-99B3-7B9E7358867E}
	EndGlobalSection
EndGlobal
